// !$*UTF8*$!
{
	archiveVersion = 1;
	classes = {
	};
	objectVersion = 46;
	objects = {

/* Begin PBXBuildFile section */
		0039CFE21D780D61003B728C /* main.m in Sources */ = {isa = PBXBuildFile; fileRef = 0039CFE11D780D61003B728C /* main.m */; };
		0039CFE51D780D61003B728C /* AppDelegate.m in Sources */ = {isa = PBXBuildFile; fileRef = 0039CFE41D780D61003B728C /* AppDelegate.m */; };
		0039CFE81D780D61003B728C /* ViewController.m in Sources */ = {isa = PBXBuildFile; fileRef = 0039CFE71D780D61003B728C /* ViewController.m */; };
		0039CFEB1D780D61003B728C /* Main.storyboard in Resources */ = {isa = PBXBuildFile; fileRef = 0039CFE91D780D61003B728C /* Main.storyboard */; };
		0039CFED1D780D61003B728C /* Assets.xcassets in Resources */ = {isa = PBXBuildFile; fileRef = 0039CFEC1D780D61003B728C /* Assets.xcassets */; };
		0039CFF01D780D61003B728C /* LaunchScreen.storyboard in Resources */ = {isa = PBXBuildFile; fileRef = 0039CFEE1D780D61003B728C /* LaunchScreen.storyboard */; };
		0039CFFB1D780D61003B728C /* NSAttributedStringDemoTests.m in Sources */ = {isa = PBXBuildFile; fileRef = 0039CFFA1D780D61003B728C /* NSAttributedStringDemoTests.m */; };
		0039D0071D780E45003B728C /* MyTools.m in Sources */ = {isa = PBXBuildFile; fileRef = 0039D0061D780E45003B728C /* MyTools.m */; };
		00AB3ECC1D79481D0012D406 /* TextCell.m in Sources */ = {isa = PBXBuildFile; fileRef = 00AB3ECA1D79481D0012D406 /* TextCell.m */; };
		00AB3ECD1D79481D0012D406 /* TextCell.xib in Resources */ = {isa = PBXBuildFile; fileRef = 00AB3ECB1D79481D0012D406 /* TextCell.xib */; };
/* End PBXBuildFile section */

/* Begin PBXContainerItemProxy section */
		0039CFF71D780D61003B728C /* PBXContainerItemProxy */ = {
			isa = PBXContainerItemProxy;
			containerPortal = 0039CFD51D780D61003B728C /* Project object */;
			proxyType = 1;
			remoteGlobalIDString = 0039CFDC1D780D61003B728C;
			remoteInfo = NSAttributedStringDemo;
		};
/* End PBXContainerItemProxy section */

/* Begin PBXFileReference section */
		0039CFDD1D780D61003B728C /* NSAttributedStringDemo.app */ = {isa = PBXFileReference; explicitFileType = wrapper.application; includeInIndex = 0; path = NSAttributedStringDemo.app; sourceTree = BUILT_PRODUCTS_DIR; };
		0039CFE11D780D61003B728C /* main.m */ = {isa = PBXFileReference; lastKnownFileType = sourcecode.c.objc; path = main.m; sourceTree = "<group>"; };
		0039CFE31D780D61003B728C /* AppDelegate.h */ = {isa = PBXFileReference; lastKnownFileType = sourcecode.c.h; path = AppDelegate.h; sourceTree = "<group>"; };
		0039CFE41D780D61003B728C /* AppDelegate.m */ = {isa = PBXFileReference; lastKnownFileType = sourcecode.c.objc; path = AppDelegate.m; sourceTree = "<group>"; };
		0039CFE61D780D61003B728C /* ViewController.h */ = {isa = PBXFileReference; lastKnownFileType = sourcecode.c.h; path = ViewController.h; sourceTree = "<group>"; };
		0039CFE71D780D61003B728C /* ViewController.m */ = {isa = PBXFileReference; lastKnownFileType = sourcecode.c.objc; path = ViewController.m; sourceTree = "<group>"; };
		0039CFEA1D780D61003B728C /* Base */ = {isa = PBXFileReference; lastKnownFileType = file.storyboard; name = Base; path = Base.lproj/Main.storyboard; sourceTree = "<group>"; };
		0039CFEC1D780D61003B728C /* Assets.xcassets */ = {isa = PBXFileReference; lastKnownFileType = folder.assetcatalog; path = Assets.xcassets; sourceTree = "<group>"; };
		0039CFEF1D780D61003B728C /* Base */ = {isa = PBXFileReference; lastKnownFileType = file.storyboard; name = Base; path = Base.lproj/LaunchScreen.storyboard; sourceTree = "<group>"; };
		0039CFF11D780D61003B728C /* Info.plist */ = {isa = PBXFileReference; lastKnownFileType = text.plist.xml; path = Info.plist; sourceTree = "<group>"; };
		0039CFF61D780D61003B728C /* NSAttributedStringDemoTests.xctest */ = {isa = PBXFileReference; explicitFileType = wrapper.cfbundle; includeInIndex = 0; path = NSAttributedStringDemoTests.xctest; sourceTree = BUILT_PRODUCTS_DIR; };
		0039CFFA1D780D61003B728C /* NSAttributedStringDemoTests.m */ = {isa = PBXFileReference; lastKnownFileType = sourcecode.c.objc; path = NSAttributedStringDemoTests.m; sourceTree = "<group>"; };
		0039CFFC1D780D61003B728C /* Info.plist */ = {isa = PBXFileReference; lastKnownFileType = text.plist.xml; path = Info.plist; sourceTree = "<group>"; };
		0039D0051D780E45003B728C /* MyTools.h */ = {isa = PBXFileReference; fileEncoding = 4; lastKnownFileType = sourcecode.c.h; path = MyTools.h; sourceTree = "<group>"; };
		0039D0061D780E45003B728C /* MyTools.m */ = {isa = PBXFileReference; fileEncoding = 4; lastKnownFileType = sourcecode.c.objc; path = MyTools.m; sourceTree = "<group>"; };
		00AB3EC91D79481D0012D406 /* TextCell.h */ = {isa = PBXFileReference; fileEncoding = 4; lastKnownFileType = sourcecode.c.h; path = TextCell.h; sourceTree = "<group>"; };
		00AB3ECA1D79481D0012D406 /* TextCell.m */ = {isa = PBXFileReference; fileEncoding = 4; lastKnownFileType = sourcecode.c.objc; path = TextCell.m; sourceTree = "<group>"; };
		00AB3ECB1D79481D0012D406 /* TextCell.xib */ = {isa = PBXFileReference; fileEncoding = 4; lastKnownFileType = file.xib; path = TextCell.xib; sourceTree = "<group>"; };
		00AB3ECF1D7959F90012D406 /* My.pch */ = {isa = PBXFileReference; lastKnownFileType = sourcecode.c.h; path = My.pch; sourceTree = "<group>"; };
/* End PBXFileReference section */

/* Begin PBXFrameworksBuildPhase section */
		0039CFDA1D780D61003B728C /* Frameworks */ = {
			isa = PBXFrameworksBuildPhase;
			buildActionMask = 2147483647;
			files = (
			);
			runOnlyForDeploymentPostprocessing = 0;
		};
		0039CFF31D780D61003B728C /* Frameworks */ = {
			isa = PBXFrameworksBuildPhase;
			buildActionMask = 2147483647;
			files = (
			);
			runOnlyForDeploymentPostprocessing = 0;
		};
/* End PBXFrameworksBuildPhase section */

/* Begin PBXGroup section */
		0039CFD41D780D61003B728C = {
			isa = PBXGroup;
			children = (
				0039CFDF1D780D61003B728C /* NSAttributedStringDemo */,
				0039CFF91D780D61003B728C /* NSAttributedStringDemoTests */,
				0039CFDE1D780D61003B728C /* Products */,
			);
			sourceTree = "<group>";
		};
		0039CFDE1D780D61003B728C /* Products */ = {
			isa = PBXGroup;
			children = (
				0039CFDD1D780D61003B728C /* NSAttributedStringDemo.app */,
				0039CFF61D780D61003B728C /* NSAttributedStringDemoTests.xctest */,
			);
			name = Products;
			sourceTree = "<group>";
		};
		0039CFDF1D780D61003B728C /* NSAttributedStringDemo */ = {
			isa = PBXGroup;
			children = (
				0039CFE31D780D61003B728C /* AppDelegate.h */,
				0039CFE41D780D61003B728C /* AppDelegate.m */,
				0039CFE61D780D61003B728C /* ViewController.h */,
				0039CFE71D780D61003B728C /* ViewController.m */,
				00AB3EC91D79481D0012D406 /* TextCell.h */,
				00AB3ECA1D79481D0012D406 /* TextCell.m */,
				00AB3ECB1D79481D0012D406 /* TextCell.xib */,
				0039D0051D780E45003B728C /* MyTools.h */,
				0039D0061D780E45003B728C /* MyTools.m */,
				0039CFE91D780D61003B728C /* Main.storyboard */,
				0039CFEC1D780D61003B728C /* Assets.xcassets */,
				0039CFEE1D780D61003B728C /* LaunchScreen.storyboard */,
				0039CFF11D780D61003B728C /* Info.plist */,
				0039CFE01D780D61003B728C /* Supporting Files */,
			);
			path = NSAttributedStringDemo;
			sourceTree = "<group>";
		};
		0039CFE01D780D61003B728C /* Supporting Files */ = {
			isa = PBXGroup;
			children = (
				0039CFE11D780D61003B728C /* main.m */,
				00AB3ECF1D7959F90012D406 /* My.pch */,
			);
			name = "Supporting Files";
			sourceTree = "<group>";
		};
		0039CFF91D780D61003B728C /* NSAttributedStringDemoTests */ = {
			isa = PBXGroup;
			children = (
				0039CFFA1D780D61003B728C /* NSAttributedStringDemoTests.m */,
				0039CFFC1D780D61003B728C /* Info.plist */,
			);
			path = NSAttributedStringDemoTests;
			sourceTree = "<group>";
		};
/* End PBXGroup section */

/* Begin PBXNativeTarget section */
		0039CFDC1D780D61003B728C /* NSAttributedStringDemo */ = {
			isa = PBXNativeTarget;
			buildConfigurationList = 0039CFFF1D780D61003B728C /* Build configuration list for PBXNativeTarget "NSAttributedStringDemo" */;
			buildPhases = (
				0039CFD91D780D61003B728C /* Sources */,
				0039CFDA1D780D61003B728C /* Frameworks */,
				0039CFDB1D780D61003B728C /* Resources */,
			);
			buildRules = (
			);
			dependencies = (
			);
			name = NSAttributedStringDemo;
			productName = NSAttributedStringDemo;
			productReference = 0039CFDD1D780D61003B728C /* NSAttributedStringDemo.app */;
			productType = "com.apple.product-type.application";
		};
		0039CFF51D780D61003B728C /* NSAttributedStringDemoTests */ = {
			isa = PBXNativeTarget;
			buildConfigurationList = 0039D0021D780D61003B728C /* Build configuration list for PBXNativeTarget "NSAttributedStringDemoTests" */;
			buildPhases = (
				0039CFF21D780D61003B728C /* Sources */,
				0039CFF31D780D61003B728C /* Frameworks */,
				0039CFF41D780D61003B728C /* Resources */,
			);
			buildRules = (
			);
			dependencies = (
				0039CFF81D780D61003B728C /* PBXTargetDependency */,
			);
			name = NSAttributedStringDemoTests;
			productName = NSAttributedStringDemoTests;
			productReference = 0039CFF61D780D61003B728C /* NSAttributedStringDemoTests.xctest */;
			productType = "com.apple.product-type.bundle.unit-test";
		};
/* End PBXNativeTarget section */

/* Begin PBXProject section */
		0039CFD51D780D61003B728C /* Project object */ = {
			isa = PBXProject;
			attributes = {
				LastUpgradeCheck = 0730;
				ORGANIZATIONNAME = CaixiaSun;
				TargetAttributes = {
					0039CFDC1D780D61003B728C = {
						CreatedOnToolsVersion = 7.3.1;
					};
					0039CFF51D780D61003B728C = {
						CreatedOnToolsVersion = 7.3.1;
						TestTargetID = 0039CFDC1D780D61003B728C;
					};
				};
			};
			buildConfigurationList = 0039CFD81D780D61003B728C /* Build configuration list for PBXProject "NSAttributedStringDemo" */;
			compatibilityVersion = "Xcode 3.2";
			developmentRegion = English;
			hasScannedForEncodings = 0;
			knownRegions = (
				en,
				Base,
			);
			mainGroup = 0039CFD41D780D61003B728C;
			productRefGroup = 0039CFDE1D780D61003B728C /* Products */;
			projectDirPath = "";
			projectRoot = "";
			targets = (
				0039CFDC1D780D61003B728C /* NSAttributedStringDemo */,
				0039CFF51D780D61003B728C /* NSAttributedStringDemoTests */,
			);
		};
/* End PBXProject section */

/* Begin PBXResourcesBuildPhase section */
		0039CFDB1D780D61003B728C /* Resources */ = {
			isa = PBXResourcesBuildPhase;
			buildActionMask = 2147483647;
			files = (
				0039CFF01D780D61003B728C /* LaunchScreen.storyboard in Resources */,
				0039CFED1D780D61003B728C /* Assets.xcassets in Resources */,
				00AB3ECD1D79481D0012D406 /* TextCell.xib in Resources */,
				0039CFEB1D780D61003B728C /* Main.storyboard in Resources */,
			);
			runOnlyForDeploymentPostprocessing = 0;
		};
		0039CFF41D780D61003B728C /* Resources */ = {
			isa = PBXResourcesBuildPhase;
			buildActionMask = 2147483647;
			files = (
			);
			runOnlyForDeploymentPostprocessing = 0;
		};
/* End PBXResourcesBuildPhase section */

/* Begin PBXSourcesBuildPhase section */
		0039CFD91D780D61003B728C /* Sources */ = {
			isa = PBXSourcesBuildPhase;
			buildActionMask = 2147483647;
			files = (
				0039CFE81D780D61003B728C /* ViewController.m in Sources */,
				00AB3ECC1D79481D0012D406 /* TextCell.m in Sources */,
				0039CFE51D780D61003B728C /* AppDelegate.m in Sources */,
				0039CFE21D780D61003B728C /* main.m in Sources */,
				0039D0071D780E45003B728C /* MyTools.m in Sources */,
			);
			runOnlyForDeploymentPostprocessing = 0;
		};
		0039CFF21D780D61003B728C /* Sources */ = {
			isa = PBXSourcesBuildPhase;
			buildActionMask = 2147483647;
			files = (
				0039CFFB1D780D61003B728C /* NSAttributedStringDemoTests.m in Sources */,
			);
			runOnlyForDeploymentPostprocessing = 0;
		};
/* End PBXSourcesBuildPhase section */

/* Begin PBXTargetDependency section */
		0039CFF81D780D61003B728C /* PBXTargetDependency */ = {
			isa = PBXTargetDependency;
			target = 0039CFDC1D780D61003B728C /* NSAttributedStringDemo */;
			targetProxy = 0039CFF71D780D61003B728C /* PBXContainerItemProxy */;
		};
/* End PBXTargetDependency section */

/* Begin PBXVariantGroup section */
		0039CFE91D780D61003B728C /* Main.storyboard */ = {
			isa = PBXVariantGroup;
			children = (
				0039CFEA1D780D61003B728C /* Base */,
			);
			name = Main.storyboard;
			sourceTree = "<group>";
		};
		0039CFEE1D780D61003B728C /* LaunchScreen.storyboard */ = {
			isa = PBXVariantGroup;
			children = (
				0039CFEF1D780D61003B728C /* Base */,
			);
			name = LaunchScreen.storyboard;
			sourceTree = "<group>";
		};
/* End PBXVariantGroup section */

/* Begin XCBuildConfiguration section */
		0039CFFD1D780D61003B728C /* Debug */ = {
			isa = XCBuildConfiguration;
			buildSettings = {
				ALWAYS_SEARCH_USER_PATHS = NO;
				CLANG_ANALYZER_NONNULL = YES;
				CLANG_CXX_LANGUAGE_STANDARD = "gnu++0x";
				CLANG_CXX_LIBRARY = "libc++";
				CLANG_ENABLE_MODULES = YES;
				CLANG_ENABLE_OBJC_ARC = YES;
				CLANG_WARN_BOOL_CONVERSION = YES;
				CLANG_WARN_CONSTANT_CONVERSION = YES;
				CLANG_WARN_DIRECT_OBJC_ISA_USAGE = YES_ERROR;
				CLANG_WARN_EMPTY_BODY = YES;
				CLANG_WARN_ENUM_CONVERSION = YES;
				CLANG_WARN_INT_CONVERSION = YES;
				CLANG_WARN_OBJC_ROOT_CLASS = YES_ERROR;
				CLANG_WARN_UNREACHABLE_CODE = YES;
				CLANG_WARN__DUPLICATE_METHOD_MATCH = YES;
				"CODE_SIGN_IDENTITY[sdk=iphoneos*]" = "iPhone Developer";
				COPY_PHASE_STRIP = NO;
				DEBUG_INFORMATION_FORMAT = dwarf;
				ENABLE_STRICT_OBJC_MSGSEND = YES;
				ENABLE_TESTABILITY = YES;
				GCC_C_LANGUAGE_STANDARD = gnu99;
				GCC_DYNAMIC_NO_PIC = NO;
				GCC_NO_COMMON_BLOCKS = YES;
				GCC_OPTIMIZATION_LEVEL = 0;
				GCC_PREPROCESSOR_DEFINITIONS = (
					"DEBUG=1",
					"$(inherited)",
				);
				GCC_WARN_64_TO_32_BIT_CONVERSION = YES;
				GCC_WARN_ABOUT_RETURN_TYPE = YES_ERROR;
				GCC_WARN_UNDECLARED_SELECTOR = YES;
				GCC_WARN_UNINITIALIZED_AUTOS = YES_AGGRESSIVE;
				GCC_WARN_UNUSED_FUNCTION = YES;
				GCC_WARN_UNUSED_VARIABLE = YES;
				IPHONEOS_DEPLOYMENT_TARGET = 9.3;
				MTL_ENABLE_DEBUG_INFO = YES;
				ONLY_ACTIVE_ARCH = YES;
				SDKROOT = iphoneos;
			};
			name = Debug;
		};
		0039CFFE1D780D61003B728C /* Release */ = {
			isa = XCBuildConfiguration;
			buildSettings = {
				ALWAYS_SEARCH_USER_PATHS = NO;
				CLANG_ANALYZER_NONNULL = YES;
				CLANG_CXX_LANGUAGE_STANDARD = "gnu++0x";
				CLANG_CXX_LIBRARY = "libc++";
				CLANG_ENABLE_MODULES = YES;
				CLANG_ENABLE_OBJC_ARC = YES;
				CLANG_WARN_BOOL_CONVERSION = YES;
				CLANG_WARN_CONSTANT_CONVERSION = YES;
				CLANG_WARN_DIRECT_OBJC_ISA_USAGE = YES_ERROR;
				CLANG_WARN_EMPTY_BODY = YES;
				CLANG_WARN_ENUM_CONVERSION = YES;
				CLANG_WARN_INT_CONVERSION = YES;
				CLANG_WARN_OBJC_ROOT_CLASS = YES_ERROR;
				CLANG_WARN_UNREACHABLE_CODE = YES;
				CLANG_WARN__DUPLICATE_METHOD_MATCH = YES;
				"CODE_SIGN_IDENTITY[sdk=iphoneos*]" = "iPhone Developer";
				COPY_PHASE_STRIP = NO;
				DEBUG_INFORMATION_FORMAT = "dwarf-with-dsym";
				ENABLE_NS_ASSERTIONS = NO;
				ENABLE_STRICT_OBJC_MSGSEND = YES;
				GCC_C_LANGUAGE_STANDARD = gnu99;
				GCC_NO_COMMON_BLOCKS = YES;
				GCC_WARN_64_TO_32_BIT_CONVERSION = YES;
				GCC_WARN_ABOUT_RETURN_TYPE = YES_ERROR;
				GCC_WARN_UNDECLARED_SELECTOR = YES;
				GCC_WARN_UNINITIALIZED_AUTOS = YES_AGGRESSIVE;
				GCC_WARN_UNUSED_FUNCTION = YES;
				GCC_WARN_UNUSED_VARIABLE = YES;
				IPHONEOS_DEPLOYMENT_TARGET = 9.3;
				MTL_ENABLE_DEBUG_INFO = NO;
				SDKROOT = iphoneos;
				VALIDATE_PRODUCT = YES;
			};
			name = Release;
		};
		0039D0001D780D61003B728C /* Debug */ = {
			isa = XCBuildConfiguration;
			buildSettings = {
				ASSETCATALOG_COMPILER_APPICON_NAME = AppIcon;
				GCC_PREFIX_HEADER = "$(SRCROOT)/NSAttributedStringDemo/My.pch";
				INFOPLIST_FILE = NSAttributedStringDemo/Info.plist;
				LD_RUNPATH_SEARCH_PATHS = "$(inherited) @executable_path/Frameworks";
				PRODUCT_BUNDLE_IDENTIFIER = com.enjoytouch.NSAttributedStringDemo;
				PRODUCT_NAME = "$(TARGET_NAME)";
			};
			name = Debug;
		};
		0039D0011D780D61003B728C /* Release */ = {
			isa = XCBuildConfiguration;
			buildSettings = {
				ASSETCATALOG_COMPILER_APPICON_NAME = AppIcon;
				GCC_PREFIX_HEADER = "$(SRCROOT)/NSAttributedStringDemo/My.pch";
				INFOPLIST_FILE = NSAttributedStringDemo/Info.plist;
				LD_RUNPATH_SEARCH_PATHS = "$(inherited) @executable_path/Frameworks";
				PRODUCT_BUNDLE_IDENTIFIER = com.enjoytouch.NSAttributedStringDemo;
				PRODUCT_NAME = "$(TARGET_NAME)";
			};
			name = Release;
		};
		0039D0031D780D61003B728C /* Debug */ = {
			isa = XCBuildConfiguration;
			buildSettings = {
				BUNDLE_LOADER = "$(TEST_HOST)";
				INFOPLIST_FILE = NSAttributedStringDemoTests/Info.plist;
				LD_RUNPATH_SEARCH_PATHS = "$(inherited) @executable_path/Frameworks @loader_path/Frameworks";
				PRODUCT_BUNDLE_IDENTIFIER = com.enjoytouch.NSAttributedStringDemoTests;
				PRODUCT_NAME = "$(TARGET_NAME)";
				TEST_HOST = "$(BUILT_PRODUCTS_DIR)/NSAttributedStringDemo.app/NSAttributedStringDemo";
			};
			name = Debug;
		};
		0039D0041D780D61003B728C /* Release */ = {
			isa = XCBuildConfiguration;
			buildSettings = {
				BUNDLE_LOADER = "$(TEST_HOST)";
				INFOPLIST_FILE = NSAttributedStringDemoTests/Info.plist;
				LD_RUNPATH_SEARCH_PATHS = "$(inherited) @executable_path/Frameworks @loader_path/Frameworks";
				PRODUCT_BUNDLE_IDENTIFIER = com.enjoytouch.NSAttributedStringDemoTests;
				PRODUCT_NAME = "$(TARGET_NAME)";
				TEST_HOST = "$(BUILT_PRODUCTS_DIR)/NSAttributedStringDemo.app/NSAttributedStringDemo";
			};
			name = Release;
		};
/* End XCBuildConfiguration section */

/* Begin XCConfigurationList section */
		0039CFD81D780D61003B728C /* Build configuration list for PBXProject "NSAttributedStringDemo" */ = {
			isa = XCConfigurationList;
			buildConfigurations = (
				0039CFFD1D780D61003B728C /* Debug */,
				0039CFFE1D780D61003B728C /* Release */,
			);
			defaultConfigurationIsVisible = 0;
			defaultConfigurationName = Release;
		};
		0039CFFF1D780D61003B728C /* Build configuration list for PBXNativeTarget "NSAttributedStringDemo" */ = {
			isa = XCConfigurationList;
			buildConfigurations = (
				0039D0001D780D61003B728C /* Debug */,
				0039D0011D780D61003B728C /* Release */,
			);
			defaultConfigurationIsVisible = 0;
			defaultConfigurationName = Release;
		};
		0039D0021D780D61003B728C /* Build configuration list for PBXNativeTarget "NSAttributedStringDemoTests" */ = {
			isa = XCConfigurationList;
			buildConfigurations = (
				0039D0031D780D61003B728C /* Debug */,
				0039D0041D780D61003B728C /* Release */,
			);
			defaultConfigurationIsVisible = 0;
			defaultConfigurationName = Release;
		};
/* End XCConfigurationList section */
	};
	rootObject = 0039CFD51D780D61003B728C /* Project object */;
}
